{
  "nodes": {
    "desktop-wallpapers": {
      "flake": false,
      "locked": {
        "lastModified": 1783000175,
        "narHash": "sha256-qGvtmLFGxJ/XSrt+GCD/5BtQsJbAtTZV9gwYfE1dUNI=",
        "ref": "nixos",
        "rev": "20213ea177112c368acd17d13669ece71e787a55",
        "revCount": 2,
        "type": "git",
        "url": "https://gitee.com/cjl-2692367185-qed/wallpapers.git"
      },
      "original": {
        "ref": "nixos",
        "type": "git",
        "url": "https://gitee.com/cjl-2692367185-qed/wallpapers.git"
      }
    },
    "home-manager": {
      "inputs": {
        "nixpkgs": [
          "nixpkgs"
        ]
      },
      "locked": {
        "lastModified": 1786031233,
        "narHash": "sha256-TIDlLTLI1/pB7IqgjzcKQjpODQsZE2oII4XGG9B6KjI=",
        "owner": "nix-community",
        "repo": "home-manager",
        "rev": "7834e82588860aaf780cec1366524456a70898d7",
        "type": "github"
      },
      "original": {
        "owner": "nix-community",
        "repo": "home-manager",
        "type": "github"
      }
    },
    "keepassxc-dotfiles": {
      "flake": false,
      "locked": {
        "lastModified": 1786633047,
        "narHash": "sha256-O+yGoxwR4OIvJAbIascofsAS+WFZYXNAiyy026q49RM=",
        "ref": "main",
        "rev": "516b13b02b0dad21e3fe067982a2197d07768f10",
        "revCount": 167,
        "type": "git",
        "url": "https://github.com/jialechern/keepass.git"
      },
      "original": {
        "ref": "main",
        "type": "git",
        "url": "https://github.com/jialechern/keepass.git"
      }
    },
    "niri-dotfiles": {
      "flake": false,
      "locked": {
        "lastModified": 1786209051,
        "narHash": "sha256-DQW2EDBQCFTlcuLLizmvEwt6VRDx/gWt9yYxcUh5Foo=",
        "ref": "main",
        "rev": "f96c5c321217f8e273fa1e5643b4cde0e8d8d1e9",
        "revCount": 27,
        "type": "git",
        "url": "https://gitee.com/cjl-2692367185-qed/niri.git"
      },
      "original": {
        "ref": "main",
        "type": "git",
        "url": "https://gitee.com/cjl-2692367185-qed/niri.git"
      }
    },
    "nixpkgs": {
      "locked": {
        "lastModified": 1786106723,
        "narHash": "sha256-zDSUbpoeo/9ZmD2+wXnzxoo1+uhL8vxc0b8yuYMKYq0=",
        "ref": "nixos-unstable",
        "rev": "f13ff45afd1bb73e640eaa08a7066dbed07e3238",
        "revCount": 1049422,
        "type": "git",
        "url": "https://mirrors.tuna.tsinghua.edu.cn/git/nixpkgs.git"
      },
      "original": {
        "ref": "nixos-unstable",
        "type": "git",
        "url": "https://mirrors.tuna.tsinghua.edu.cn/git/nixpkgs.git"
      }
    },
    "nvim-dotfiles": {
      "flake": false,
      "locked": {
        "lastModified": 1783668664,
        "narHash": "sha256-UW5t4wskh1+j2gWoZek41j+4ZxnzUc9iD3bfXqWNUx4=",
        "ref": "main",
        "rev": "46c1ff33ed34e239c5d828afec7a512ae4c7a3ac",
        "revCount": 317,
        "type": "git",
        "url": "https://gitee.com/cjl-2692367185-qed/nvim.git"
      },
      "original": {
        "ref": "main",
        "type": "git",
        "url": "https://gitee.com/cjl-2692367185-qed/nvim.git"
      }
    },
    "root": {
      "inputs": {
        "desktop-wallpapers": "desktop-wallpapers",
        "home-manager": "home-manager",
        "keepassxc-dotfiles": "keepassxc-dotfiles",
        "niri-dotfiles": "niri-dotfiles",
        "nixpkgs": "nixpkgs",
        "nvim-dotfiles": "nvim-dotfiles",
        "scripts": "scripts",
        "sops-nix": "sops-nix"
      }
    },
    "scripts": {
      "flake": false,
      "locked": {
        "lastModified": 1785815775,
        "narHash": "sha256-anNuaCX4wcvu90SlPgfComyqXZ1bZuUi6Tw/uiDeXY4=",
        "ref": "main",
        "rev": "7b58feaf40581e63c6a4ad92a453edacc7fb0d8d",
        "revCount": 9,
        "type": "git",
        "url": "https://gitee.com/cjl-2692367185-qed/scripts.git"
      },
      "original": {
        "ref": "main",
        "type": "git",
        "url": "https://gitee.com/cjl-2692367185-qed/scripts.git"
      }
    },
    "sops-nix": {
      "inputs": {
        "nixpkgs": [
          "nixpkgs"
        ]
      },
      "locked": {
        "lastModified": 1783174389,
        "narHash": "sha256-aCWC8ngycU7OdJrU2+Je3qf+1a2ykuBvpPhZT/9tXMc=",
        "owner": "Mic92",
        "repo": "sops-nix",
        "rev": "f1406619a3884cd5c47992a70b8b35c9c0fcb4c9",
        "type": "github"
      },
      "original": {
        "owner": "Mic92",
        "repo": "sops-nix",
        "type": "github"
      }
    }
  },
  "root": "root",
  "version": 7
}
