{
  "nodes": {
    "desktop-wallpapers": {
      "flake": false,
      "locked": {
        "lastModified": 1783000175,
        "narHash": "sha256-qGvtmLFGxJ/XSrt+GCD/5BtQsJbAtTZV9gwYfE1dUNI=",
        "ref": "nixos",
        "rev": "20213ea177112c368acd17d13669ece71e787a55",
        "revCount": 2,
        "type": "git",
        "url": "https://gitee.com/cjl-2692367185-qed/wallpapers.git"
      },
      "original": {
        "ref": "nixos",
        "type": "git",
        "url": "https://gitee.com/cjl-2692367185-qed/wallpapers.git"
      }
    },
    "home-manager": {
      "inputs": {
        "nixpkgs": [
          "nixpkgs"
        ]
      },
      "locked": {
        "lastModified": 1786887553,
        "narHash": "sha256-0J8EwNSJ/2OeyuvXgfG+k5uBT1gkg0ww7VEo+14xl50=",
        "owner": "nix-community",
        "repo": "home-manager",
        "rev": "5bd505963717a894b02a57cdbcc00db28d9b029f",
        "type": "github"
      },
      "original": {
        "owner": "nix-community",
        "repo": "home-manager",
        "type": "github"
      }
    },
    "keepassxc-dotfiles": {
      "flake": false,
      "locked": {
        "lastModified": 1786633047,
        "narHash": "sha256-O+yGoxwR4OIvJAbIascofsAS+WFZYXNAiyy026q49RM=",
        "ref": "main",
        "rev": "516b13b02b0dad21e3fe067982a2197d07768f10",
        "revCount": 167,
        "type": "git",
        "url": "https://github.com/jialechern/keepass.git"
      },
      "original": {
        "ref": "main",
        "type": "git",
        "url": "https://github.com/jialechern/keepass.git"
      }
    },
    "niri-dotfiles": {
      "flake": false,
      "locked": {
        "lastModified": 1786872119,
        "narHash": "sha256-+HXckmbDPPT5ILxhL0lDEBCBwxq7d3Nrr+V3nm35CEk=",
        "ref": "main",
        "rev": "086e05c5a1d6d83908e4ffcee4512a143ce8aa18",
        "revCount": 28,
        "type": "git",
        "url": "https://gitee.com/cjl-2692367185-qed/niri.git"
      },
      "original": {
        "ref": "main",
        "type": "git",
        "url": "https://gitee.com/cjl-2692367185-qed/niri.git"
      }
    },
    "nixpkgs": {
      "locked": {
        "lastModified": 1786599213,
        "narHash": "sha256-yNJd40f11EzXBjSByCB7IPpeFFAdeoSKKM67dGkfFoU=",
        "ref": "nixos-unstable",
        "rev": "0e251e24a4f24e036a084b6b4b2d2491af4167f4",
        "revCount": 1053317,
        "type": "git",
        "url": "https://mirrors.tuna.tsinghua.edu.cn/git/nixpkgs.git"
      },
      "original": {
        "ref": "nixos-unstable",
        "type": "git",
        "url": "https://mirrors.tuna.tsinghua.edu.cn/git/nixpkgs.git"
      }
    },
    "nvim-dotfiles": {
      "flake": false,
      "locked": {
        "lastModified": 1786872434,
        "narHash": "sha256-gCFW15tSjlW0QlO+QcAWqFoJGc3DC4g28umjudsyz7g=",
        "ref": "main",
        "rev": "499fcc263af1a84a9255df3a06a0f9cfd4d6da88",
        "revCount": 318,
        "type": "git",
        "url": "https://gitee.com/cjl-2692367185-qed/nvim.git"
      },
      "original": {
        "ref": "main",
        "type": "git",
        "url": "https://gitee.com/cjl-2692367185-qed/nvim.git"
      }
    },
    "root": {
      "inputs": {
        "desktop-wallpapers": "desktop-wallpapers",
        "home-manager": "home-manager",
        "keepassxc-dotfiles": "keepassxc-dotfiles",
        "niri-dotfiles": "niri-dotfiles",
        "nixpkgs": "nixpkgs",
        "nvim-dotfiles": "nvim-dotfiles",
        "scripts": "scripts",
        "sops-nix": "sops-nix"
      }
    },
    "scripts": {
      "flake": false,
      "locked": {
        "lastModified": 1785815775,
        "narHash": "sha256-anNuaCX4wcvu90SlPgfComyqXZ1bZuUi6Tw/uiDeXY4=",
        "ref": "main",
        "rev": "7b58feaf40581e63c6a4ad92a453edacc7fb0d8d",
        "revCount": 9,
        "type": "git",
        "url": "https://gitee.com/cjl-2692367185-qed/scripts.git"
      },
      "original": {
        "ref": "main",
        "type": "git",
        "url": "https://gitee.com/cjl-2692367185-qed/scripts.git"
      }
    },
    "sops-nix": {
      "inputs": {
        "nixpkgs": [
          "nixpkgs"
        ]
      },
      "locked": {
        "lastModified": 1786629091,
        "narHash": "sha256-gkig4nPi1CWc4Z50GBsjE4ygSE7hMpl/TwID2an2Cck=",
        "owner": "Mic92",
        "repo": "sops-nix",
        "rev": "a8627b21b9107c5711c96b84f32a9a4b3d45295f",
        "type": "github"
      },
      "original": {
        "owner": "Mic92",
        "repo": "sops-nix",
        "type": "github"
      }
    }
  },
  "root": "root",
  "version": 7
}
