{
  "nodes": {
    "desktop-wallpapers": {
      "flake": false,
      "locked": {
        "lastModified": 1783000175,
        "narHash": "sha256-qGvtmLFGxJ/XSrt+GCD/5BtQsJbAtTZV9gwYfE1dUNI=",
        "ref": "nixos",
        "rev": "20213ea177112c368acd17d13669ece71e787a55",
        "revCount": 2,
        "type": "git",
        "url": "https://gitee.com/cjl-2692367185-qed/wallpapers.git"
      },
      "original": {
        "ref": "nixos",
        "type": "git",
        "url": "https://gitee.com/cjl-2692367185-qed/wallpapers.git"
      }
    },
    "home-manager": {
      "inputs": {
        "nixpkgs": [
          "nixpkgs"
        ]
      },
      "locked": {
        "lastModified": 1789867870,
        "narHash": "sha256-sOag/7DTqw4tXLI7UxjrZxPGV+dlTe6zFtJn0VSkgFM=",
        "owner": "nix-community",
        "repo": "home-manager",
        "rev": "d2a22a3659a6ae99847ea9176114f6957b8ac62e",
        "type": "github"
      },
      "original": {
        "owner": "nix-community",
        "repo": "home-manager",
        "type": "github"
      }
    },
    "keepassxc-dotfiles": {
      "flake": false,
      "locked": {
        "lastModified": 1787829393,
        "narHash": "sha256-1q/LJvl2mjQJghkna3DQUuNm6CIvrEhDjYiMJEah4X8=",
        "ref": "main",
        "rev": "d36f8be8b6c10de53e3a1b056de458c9c7a1f858",
        "revCount": 168,
        "type": "git",
        "url": "https://github.com/jialechern/keepass.git"
      },
      "original": {
        "ref": "main",
        "type": "git",
        "url": "https://github.com/jialechern/keepass.git"
      }
    },
    "niri-dotfiles": {
      "flake": false,
      "locked": {
        "lastModified": 1786872119,
        "narHash": "sha256-+HXckmbDPPT5ILxhL0lDEBCBwxq7d3Nrr+V3nm35CEk=",
        "ref": "main",
        "rev": "086e05c5a1d6d83908e4ffcee4512a143ce8aa18",
        "revCount": 28,
        "type": "git",
        "url": "https://gitee.com/cjl-2692367185-qed/niri.git"
      },
      "original": {
        "ref": "main",
        "type": "git",
        "url": "https://gitee.com/cjl-2692367185-qed/niri.git"
      }
    },
    "nixpkgs": {
      "locked": {
        "lastModified": 1789785513,
        "narHash": "sha256-B44WL6h0XoLjJ41bUPJk0X5SDinLCII//6EcBLXKiJ0=",
        "ref": "nixos-unstable",
        "rev": "20b1ddd1aa5ace70c9468305030aa4f9ef79671b",
        "revCount": 1076192,
        "type": "git",
        "url": "https://mirrors.tuna.tsinghua.edu.cn/git/nixpkgs.git"
      },
      "original": {
        "ref": "nixos-unstable",
        "type": "git",
        "url": "https://mirrors.tuna.tsinghua.edu.cn/git/nixpkgs.git"
      }
    },
    "nvim-dotfiles": {
      "flake": false,
      "locked": {
        "lastModified": 1789667894,
        "narHash": "sha256-+Jl4hZuMSV7lY37HUrhzvFdy1tFciFIkhq2RCMAcPN8=",
        "ref": "main",
        "rev": "76983dfbb08711eaa1168ce0b970ada6b50d418e",
        "revCount": 320,
        "type": "git",
        "url": "https://gitee.com/cjl-2692367185-qed/nvim.git"
      },
      "original": {
        "ref": "main",
        "type": "git",
        "url": "https://gitee.com/cjl-2692367185-qed/nvim.git"
      }
    },
    "root": {
      "inputs": {
        "desktop-wallpapers": "desktop-wallpapers",
        "home-manager": "home-manager",
        "keepassxc-dotfiles": "keepassxc-dotfiles",
        "niri-dotfiles": "niri-dotfiles",
        "nixpkgs": "nixpkgs",
        "nvim-dotfiles": "nvim-dotfiles",
        "scripts": "scripts",
        "sops-nix": "sops-nix"
      }
    },
    "scripts": {
      "flake": false,
      "locked": {
        "lastModified": 1785815775,
        "narHash": "sha256-anNuaCX4wcvu90SlPgfComyqXZ1bZuUi6Tw/uiDeXY4=",
        "ref": "main",
        "rev": "7b58feaf40581e63c6a4ad92a453edacc7fb0d8d",
        "revCount": 9,
        "type": "git",
        "url": "https://gitee.com/cjl-2692367185-qed/scripts.git"
      },
      "original": {
        "ref": "main",
        "type": "git",
        "url": "https://gitee.com/cjl-2692367185-qed/scripts.git"
      }
    },
    "sops-nix": {
      "inputs": {
        "nixpkgs": [
          "nixpkgs"
        ]
      },
      "locked": {
        "lastModified": 1789890976,
        "narHash": "sha256-GKwH3zpy7tartuJMG0Rv/xUsdetG1QLmTVv8UKgJLmA=",
        "owner": "Mic92",
        "repo": "sops-nix",
        "rev": "7214124c20c1542c90deb54af50e2f53ae02711f",
        "type": "github"
      },
      "original": {
        "owner": "Mic92",
        "repo": "sops-nix",
        "type": "github"
      }
    }
  },
  "root": "root",
  "version": 7
}
